
Microsoft Visual Studio Solution File, Format Version 12.00
# Visual Studio Version 17
VisualStudioVersion = 17.8.34309.116
MinimumVisualStudioVersion = 10.0.40219.1
Project("{9A19103F-16F7-4668-BE54-9A1E7A4F7556}") = "Mather", "Mather\Mather.csproj", "{FC5698C2-1389-4AA2-B783-673D02284E29}"
EndProject
Project("{9A19103F-16F7-4668-BE54-9A1E7A4F7556}") = "MatherTest", "MatherTest\MatherTest.csproj", "{A7941F53-826B-4DE5-8BC4-334574E31EA5}"
EndProject
Global
	GlobalSection(SolutionConfigurationPlatforms) = preSolution
		Debug|Any CPU = Debug|Any CPU
		Release|Any CPU = Release|Any CPU
	EndGlobalSection
	GlobalSection(ProjectConfigurationPlatforms) = postSolution
		{FC5698C2-1389-4AA2-B783-673D02284E29}.Debug|Any CPU.ActiveCfg = Debug|Any CPU
		{FC5698C2-1389-4AA2-B783-673D02284E29}.Debug|Any CPU.Build.0 = Debug|Any CPU
		{FC5698C2-1389-4AA2-B783-673D02284E29}.Release|Any CPU.ActiveCfg = Release|Any CPU
		{FC5698C2-1389-4AA2-B783-673D02284E29}.Release|Any CPU.Build.0 = Release|Any CPU
		{A7941F53-826B-4DE5-8BC4-334574E31EA5}.Debug|Any CPU.ActiveCfg = Debug|Any CPU
		{A7941F53-826B-4DE5-8BC4-334574E31EA5}.Debug|Any CPU.Build.0 = Debug|Any CPU
		{A7941F53-826B-4DE5-8BC4-334574E31EA5}.Release|Any CPU.ActiveCfg = Release|Any CPU
		{A7941F53-826B-4DE5-8BC4-334574E31EA5}.Release|Any CPU.Build.0 = Release|Any CPU
	EndGlobalSection
	GlobalSection(SolutionProperties) = preSolution
		HideSolutionNode = FALSE
	EndGlobalSection
	GlobalSection(ExtensibilityGlobals) = postSolution
		SolutionGuid = {5B87FABA-5AAC-4EF0-A836-99493B9621A4}
	EndGlobalSection
EndGlobal
